
Microsoft Visual Studio Solution File, Format Version 12.00
# Visual Studio Version 17
VisualStudioVersion = 17.5.002.0
MinimumVisualStudioVersion = 10.0.40219.1
Project("{9A19103F-16F7-4668-BE54-9A1E7A4F7556}") = "helloworld", "helloworld.csproj", "{802742AD-56C9-44DA-96BF-2E9DB3F8D48C}"
EndProject
Global
	GlobalSection(SolutionConfigurationPlatforms) = preSolution
		Debug|Any CPU = Debug|Any CPU
		Release|Any CPU = Release|Any CPU
	EndGlobalSection
	GlobalSection(ProjectConfigurationPlatforms) = postSolution
		{802742AD-56C9-44DA-96BF-2E9DB3F8D48C}.Debug|Any CPU.ActiveCfg = Debug|Any CPU
		{802742AD-56C9-44DA-96BF-2E9DB3F8D48C}.Debug|Any CPU.Build.0 = Debug|Any CPU
		{802742AD-56C9-44DA-96BF-2E9DB3F8D48C}.Release|Any CPU.ActiveCfg = Release|Any CPU
		{802742AD-56C9-44DA-96BF-2E9DB3F8D48C}.Release|Any CPU.Build.0 = Release|Any CPU
	EndGlobalSection
	GlobalSection(SolutionProperties) = preSolution
		HideSolutionNode = FALSE
	EndGlobalSection
	GlobalSection(ExtensibilityGlobals) = postSolution
		SolutionGuid = {B05C6B32-47AD-41FD-89FF-89EE235A4133}
	EndGlobalSection
EndGlobal
